
Microsoft Visual Studio Solution File, Format Version 12.00
# Visual Studio Version 16
VisualStudioVersion = 16.0.31613.86
MinimumVisualStudioVersion = 10.0.40219.1
Project("{FAE04EC0-301F-11D3-BF4B-00C04F79EFBC}") = "WpfApp1", "WpfApp1\WpfApp1.csproj", "{94550EF9-FD7D-4AC0-9622-94A857FCE016}"
EndProject
Global
	GlobalSection(SolutionConfigurationPlatforms) = preSolution
		Debug|Any CPU = Debug|Any CPU
		Release|Any CPU = Release|Any CPU
	EndGlobalSection
	GlobalSection(ProjectConfigurationPlatforms) = postSolution
		{94550EF9-FD7D-4AC0-9622-94A857FCE016}.Debug|Any CPU.ActiveCfg = Debug|Any CPU
		{94550EF9-FD7D-4AC0-9622-94A857FCE016}.Debug|Any CPU.Build.0 = Debug|Any CPU
		{94550EF9-FD7D-4AC0-9622-94A857FCE016}.Release|Any CPU.ActiveCfg = Release|Any CPU
		{94550EF9-FD7D-4AC0-9622-94A857FCE016}.Release|Any CPU.Build.0 = Release|Any CPU
	EndGlobalSection
	GlobalSection(SolutionProperties) = preSolution
		HideSolutionNode = FALSE
	EndGlobalSection
	GlobalSection(ExtensibilityGlobals) = postSolution
		SolutionGuid = {8953D554-F97E-4EBD-BC12-882B8831312C}
	EndGlobalSection
EndGlobal
